
Microsoft Visual Studio Solution File, Format Version 12.00
# Visual Studio Version 16
VisualStudioVersion = 16.0.31129.286
MinimumVisualStudioVersion = 10.0.40219.1
Project("{8BC9CEB8-8B4A-11D0-8D11-00A0C91BC942}") = "ADPAssignment1", "ADPAssignment1\ADPAssignment1.vcxproj", "{0B099F06-0FFE-418A-A2BF-0FDC7340B1EC}"
EndProject
Project("{8BC9CEB8-8B4A-11D0-8D11-00A0C91BC942}") = "main", "main\main.vcxproj", "{736F5582-61D0-4E5A-B93D-F3D970CB23DE}"
EndProject
Project("{8BC9CEB8-8B4A-11D0-8D11-00A0C91BC942}") = "ADAPAssignment2", "ADAPAssignment2\ADAPAssignment2.vcxproj", "{2B2BE27F-C7CA-4DEC-9301-158088AB9E31}"
EndProject
Project("{8BC9CEB8-8B4A-11D0-8D11-00A0C91BC942}") = "ADPAssignment3", "ADPAssignment3\ADPAssignment3.vcxproj", "{5E7C5354-558B-49EF-9A77-96BF9E2517E0}"
EndProject
Project("{8BC9CEB8-8B4A-11D0-8D11-00A0C91BC942}") = "ADPAssignment4", "ADPAssignment4\ADPAssignment4.vcxproj", "{E9C6990A-4240-4DF9-A114-A3F1E87E2773}"
EndProject
Project("{8BC9CEB8-8B4A-11D0-8D11-00A0C91BC942}") = "ADPAssignment5", "ADPAssignment5\ADPAssignment5.vcxproj", "{49F15B52-7BF0-44BD-946E-80F933A047FD}"
EndProject
Global
	GlobalSection(SolutionConfigurationPlatforms) = preSolution
		Debug|x64 = Debug|x64
		Debug|x86 = Debug|x86
		Release|x64 = Release|x64
		Release|x86 = Release|x86
	EndGlobalSection
	GlobalSection(ProjectConfigurationPlatforms) = postSolution
		{0B099F06-0FFE-418A-A2BF-0FDC7340B1EC}.Debug|x64.ActiveCfg = Debug|x64
		{0B099F06-0FFE-418A-A2BF-0FDC7340B1EC}.Debug|x64.Build.0 = Debug|x64
		{0B099F06-0FFE-418A-A2BF-0FDC7340B1EC}.Debug|x86.ActiveCfg = Debug|Win32
		{0B099F06-0FFE-418A-A2BF-0FDC7340B1EC}.Debug|x86.Build.0 = Debug|Win32
		{0B099F06-0FFE-418A-A2BF-0FDC7340B1EC}.Release|x64.ActiveCfg = Release|x64
		{0B099F06-0FFE-418A-A2BF-0FDC7340B1EC}.Release|x64.Build.0 = Release|x64
		{0B099F06-0FFE-418A-A2BF-0FDC7340B1EC}.Release|x86.ActiveCfg = Release|Win32
		{0B099F06-0FFE-418A-A2BF-0FDC7340B1EC}.Release|x86.Build.0 = Release|Win32
		{736F5582-61D0-4E5A-B93D-F3D970CB23DE}.Debug|x64.ActiveCfg = Debug|x64
		{736F5582-61D0-4E5A-B93D-F3D970CB23DE}.Debug|x64.Build.0 = Debug|x64
		{736F5582-61D0-4E5A-B93D-F3D970CB23DE}.Debug|x86.ActiveCfg = Debug|Win32
		{736F5582-61D0-4E5A-B93D-F3D970CB23DE}.Debug|x86.Build.0 = Debug|Win32
		{736F5582-61D0-4E5A-B93D-F3D970CB23DE}.Release|x64.ActiveCfg = Release|x64
		{736F5582-61D0-4E5A-B93D-F3D970CB23DE}.Release|x64.Build.0 = Release|x64
		{736F5582-61D0-4E5A-B93D-F3D970CB23DE}.Release|x86.ActiveCfg = Release|Win32
		{736F5582-61D0-4E5A-B93D-F3D970CB23DE}.Release|x86.Build.0 = Release|Win32
		{2B2BE27F-C7CA-4DEC-9301-158088AB9E31}.Debug|x64.ActiveCfg = Debug|x64
		{2B2BE27F-C7CA-4DEC-9301-158088AB9E31}.Debug|x64.Build.0 = Debug|x64
		{2B2BE27F-C7CA-4DEC-9301-158088AB9E31}.Debug|x86.ActiveCfg = Debug|Win32
		{2B2BE27F-C7CA-4DEC-9301-158088AB9E31}.Debug|x86.Build.0 = Debug|Win32
		{2B2BE27F-C7CA-4DEC-9301-158088AB9E31}.Release|x64.ActiveCfg = Release|x64
		{2B2BE27F-C7CA-4DEC-9301-158088AB9E31}.Release|x64.Build.0 = Release|x64
		{2B2BE27F-C7CA-4DEC-9301-158088AB9E31}.Release|x86.ActiveCfg = Release|Win32
		{2B2BE27F-C7CA-4DEC-9301-158088AB9E31}.Release|x86.Build.0 = Release|Win32
		{5E7C5354-558B-49EF-9A77-96BF9E2517E0}.Debug|x64.ActiveCfg = Debug|x64
		{5E7C5354-558B-49EF-9A77-96BF9E2517E0}.Debug|x64.Build.0 = Debug|x64
		{5E7C5354-558B-49EF-9A77-96BF9E2517E0}.Debug|x86.ActiveCfg = Debug|Win32
		{5E7C5354-558B-49EF-9A77-96BF9E2517E0}.Debug|x86.Build.0 = Debug|Win32
		{5E7C5354-558B-49EF-9A77-96BF9E2517E0}.Release|x64.ActiveCfg = Release|x64
		{5E7C5354-558B-49EF-9A77-96BF9E2517E0}.Release|x64.Build.0 = Release|x64
		{5E7C5354-558B-49EF-9A77-96BF9E2517E0}.Release|x86.ActiveCfg = Release|Win32
		{5E7C5354-558B-49EF-9A77-96BF9E2517E0}.Release|x86.Build.0 = Release|Win32
		{E9C6990A-4240-4DF9-A114-A3F1E87E2773}.Debug|x64.ActiveCfg = Debug|x64
		{E9C6990A-4240-4DF9-A114-A3F1E87E2773}.Debug|x64.Build.0 = Debug|x64
		{E9C6990A-4240-4DF9-A114-A3F1E87E2773}.Debug|x86.ActiveCfg = Debug|Win32
		{E9C6990A-4240-4DF9-A114-A3F1E87E2773}.Debug|x86.Build.0 = Debug|Win32
		{E9C6990A-4240-4DF9-A114-A3F1E87E2773}.Release|x64.ActiveCfg = Release|x64
		{E9C6990A-4240-4DF9-A114-A3F1E87E2773}.Release|x64.Build.0 = Release|x64
		{E9C6990A-4240-4DF9-A114-A3F1E87E2773}.Release|x86.ActiveCfg = Release|Win32
		{E9C6990A-4240-4DF9-A114-A3F1E87E2773}.Release|x86.Build.0 = Release|Win32
		{49F15B52-7BF0-44BD-946E-80F933A047FD}.Debug|x64.ActiveCfg = Debug|x64
		{49F15B52-7BF0-44BD-946E-80F933A047FD}.Debug|x64.Build.0 = Debug|x64
		{49F15B52-7BF0-44BD-946E-80F933A047FD}.Debug|x86.ActiveCfg = Debug|Win32
		{49F15B52-7BF0-44BD-946E-80F933A047FD}.Debug|x86.Build.0 = Debug|Win32
		{49F15B52-7BF0-44BD-946E-80F933A047FD}.Release|x64.ActiveCfg = Release|x64
		{49F15B52-7BF0-44BD-946E-80F933A047FD}.Release|x64.Build.0 = Release|x64
		{49F15B52-7BF0-44BD-946E-80F933A047FD}.Release|x86.ActiveCfg = Release|Win32
		{49F15B52-7BF0-44BD-946E-80F933A047FD}.Release|x86.Build.0 = Release|Win32
	EndGlobalSection
	GlobalSection(SolutionProperties) = preSolution
		HideSolutionNode = FALSE
	EndGlobalSection
	GlobalSection(ExtensibilityGlobals) = postSolution
		SolutionGuid = {BAC1AEFF-0548-4CC1-8007-A8E4191AD4C9}
	EndGlobalSection
EndGlobal
